// !$*UTF8*$!
{
	archiveVersion = 1;
	classes = {
	};
	objectVersion = 46;
	objects = {

/* Begin PBXBuildFile section */
		C606D2A4166AE1E600FA7B70 /* VWWThereminSettingsViewController.mm in Sources */ = {isa = PBXBuildFile; fileRef = C606D28F166AE1E500FA7B70 /* VWWThereminSettingsViewController.mm */; };
		C606D2A7166AE1E600FA7B70 /* VWWMotionMonitor.m in Sources */ = {isa = PBXBuildFile; fileRef = C606D297166AE1E500FA7B70 /* VWWMotionMonitor.m */; };
		C606D2A8166AE1E600FA7B70 /* VWWThereminNotes.m in Sources */ = {isa = PBXBuildFile; fileRef = C606D29A166AE1E500FA7B70 /* VWWThereminNotes.m */; };
		C606D2A9166AE1E600FA7B70 /* VWWThereminSynthesizer.mm in Sources */ = {isa = PBXBuildFile; fileRef = C606D29C166AE1E500FA7B70 /* VWWThereminSynthesizer.mm */; };
		C606D2B1166AE20C00FA7B70 /* main.m in Sources */ = {isa = PBXBuildFile; fileRef = C606D2AC166AE20C00FA7B70 /* main.m */; };
		C606D2B3166AE20C00FA7B70 /* VWWAppDelegate.mm in Sources */ = {isa = PBXBuildFile; fileRef = C606D2B0166AE20C00FA7B70 /* VWWAppDelegate.mm */; };
		C606D2C0166AE3A200FA7B70 /* VWWCubeScene.m in Sources */ = {isa = PBXBuildFile; fileRef = C606D2BD166AE3A200FA7B70 /* VWWCubeScene.m */; };
		C606D2C1166AE3A200FA7B70 /* VWWScene.m in Sources */ = {isa = PBXBuildFile; fileRef = C606D2BF166AE3A200FA7B70 /* VWWScene.m */; };
		C606D2CA166AE40F00FA7B70 /* VWWCubeModel.m in Sources */ = {isa = PBXBuildFile; fileRef = C606D2C7166AE40F00FA7B70 /* VWWCubeModel.m */; };
		C606D2CB166AE40F00FA7B70 /* VWWSquareModel.m in Sources */ = {isa = PBXBuildFile; fileRef = C606D2C9166AE40F00FA7B70 /* VWWSquareModel.m */; };
		C60E4FF5169805DD006BD352 /* vww_logo.png in Resources */ = {isa = PBXBuildFile; fileRef = C60E4FF4169805DC006BD352 /* vww_logo.png */; };
		C60E4FF8169807C8006BD352 /* custom.strings in Resources */ = {isa = PBXBuildFile; fileRef = C60E4FF7169807C8006BD352 /* custom.strings */; };
		C6357CF215C7A5690074E722 /* sawtooth_256x256.png in Resources */ = {isa = PBXBuildFile; fileRef = C6357CED15C7A5690074E722 /* sawtooth_256x256.png */; };
		C6357CF315C7A5690074E722 /* sine_256x256.png in Resources */ = {isa = PBXBuildFile; fileRef = C6357CEE15C7A5690074E722 /* sine_256x256.png */; };
		C6357CF415C7A5690074E722 /* square_256x256.png in Resources */ = {isa = PBXBuildFile; fileRef = C6357CEF15C7A5690074E722 /* square_256x256.png */; };
		C6357CF515C7A5690074E722 /* triangle_256x256.png in Resources */ = {isa = PBXBuildFile; fileRef = C6357CF015C7A5690074E722 /* triangle_256x256.png */; };
		C6357CF615C7A5690074E722 /* waveforms.png in Resources */ = {isa = PBXBuildFile; fileRef = C6357CF115C7A5690074E722 /* waveforms.png */; };
		C66F465115C7B7EF0066E94B /* Default-Portrait~ipad.png in Resources */ = {isa = PBXBuildFile; fileRef = C66F464B15C7AE690066E94B /* Default-Portrait~ipad.png */; };
		C66F465215C7B7F70066E94B /* Default-Portrait@2x~ipad.png in Resources */ = {isa = PBXBuildFile; fileRef = C66F464D15C7AE6F0066E94B /* Default-Portrait@2x~ipad.png */; };
		C6747F66168FEC40007133AD /* VWWThereminConfigInputEffectsViewController.mm in Sources */ = {isa = PBXBuildFile; fileRef = C6747F65168FEC40007133AD /* VWWThereminConfigInputEffectsViewController.mm */; };
		C6747F6A168FECDF007133AD /* VWWConfigInputEffectsView.m in Sources */ = {isa = PBXBuildFile; fileRef = C6747F69168FECDF007133AD /* VWWConfigInputEffectsView.m */; };
		C693B5BD1628E154008CB1B1 /* Icon_57x57.png in Resources */ = {isa = PBXBuildFile; fileRef = C66F464115C7AD990066E94B /* Icon_57x57.png */; };
		C693B5BE1628E15A008CB1B1 /* Icon_114x114.png in Resources */ = {isa = PBXBuildFile; fileRef = C66F464315C7AD9F0066E94B /* Icon_114x114.png */; };
		C693B5BF1628E164008CB1B1 /* Icon_72x72.png in Resources */ = {isa = PBXBuildFile; fileRef = C66F464715C7ADD40066E94B /* Icon_72x72.png */; };
		C693B5C01628E16B008CB1B1 /* Icon_144x144.png in Resources */ = {isa = PBXBuildFile; fileRef = C66F463F15C7AD880066E94B /* Icon_144x144.png */; };
		C693B5C11628E191008CB1B1 /* Default.png in Resources */ = {isa = PBXBuildFile; fileRef = C66F464915C7AE580066E94B /* Default.png */; };
		C693B5C21628E198008CB1B1 /* Default@2x.png in Resources */ = {isa = PBXBuildFile; fileRef = C624E67615C7E3E400A8DD94 /* Default@2x.png */; };
		C6A94FD4168FC8AE003F2AFE /* VWWConfigInputWaveformView.m in Sources */ = {isa = PBXBuildFile; fileRef = C6A94FD3168FC8AE003F2AFE /* VWWConfigInputWaveformView.m */; };
		C6A94FD7168FC8C1003F2AFE /* VWWConfigInputSensitivityView.m in Sources */ = {isa = PBXBuildFile; fileRef = C6A94FD6168FC8C1003F2AFE /* VWWConfigInputSensitivityView.m */; };
		C6B3E963168BFBB100298AF5 /* VWWConfigInputFrequencyView.m in Sources */ = {isa = PBXBuildFile; fileRef = C6B3E962168BFBB100298AF5 /* VWWConfigInputFrequencyView.m */; };
		C6CE37B0168EC67C000F2A48 /* VWWThereminInputAxis.mm in Sources */ = {isa = PBXBuildFile; fileRef = C6CE37AF168EC67C000F2A48 /* VWWThereminInputAxis.mm */; };
		C6CE37B2168EC804000F2A48 /* VWWThereminInput.mm in Sources */ = {isa = PBXBuildFile; fileRef = C6CE37B1168EC804000F2A48 /* VWWThereminInput.mm */; };
		C6CE37B8168ECFC4000F2A48 /* VWWThereminInputs.mm in Sources */ = {isa = PBXBuildFile; fileRef = C6CE37B7168ECFC4000F2A48 /* VWWThereminInputs.mm */; };
		C6CE37BB168ED120000F2A48 /* VWWLine.m in Sources */ = {isa = PBXBuildFile; fileRef = C6CE37BA168ED120000F2A48 /* VWWLine.m */; };
		C6CE37BE168F1D3F000F2A48 /* VWWThereminConfigInputWaveformsViewController.mm in Sources */ = {isa = PBXBuildFile; fileRef = C6CE37BD168F1D3E000F2A48 /* VWWThereminConfigInputWaveformsViewController.mm */; };
		C6CE37C1168F1DB7000F2A48 /* VWWThereminConfigInputSensitivityViewController.mm in Sources */ = {isa = PBXBuildFile; fileRef = C6CE37C0168F1DB7000F2A48 /* VWWThereminConfigInputSensitivityViewController.mm */; };
		C6D3E1A21639B4B10032D2F3 /* button_background.png in Resources */ = {isa = PBXBuildFile; fileRef = C6D3E1A11639B4B10032D2F3 /* button_background.png */; };
		C6D3E1A41639B5580032D2F3 /* button_background_pressed.png in Resources */ = {isa = PBXBuildFile; fileRef = C6D3E1A31639B5580032D2F3 /* button_background_pressed.png */; };
		C6DAB1DC169112540056E769 /* VWWFileSystem.m in Sources */ = {isa = PBXBuildFile; fileRef = C6DAB1DB169112540056E769 /* VWWFileSystem.m */; };
		C6E34B80166AE52800D0AB2C /* GLKit.framework in Frameworks */ = {isa = PBXBuildFile; fileRef = C6E34B7E166AE52700D0AB2C /* GLKit.framework */; };
		C6E34B81166AE52800D0AB2C /* OpenGLES.framework in Frameworks */ = {isa = PBXBuildFile; fileRef = C6E34B7F166AE52700D0AB2C /* OpenGLES.framework */; };
		C6E34B96166AE82000D0AB2C /* 3x3_00.png in Resources */ = {isa = PBXBuildFile; fileRef = C6E34B90166AE82000D0AB2C /* 3x3_00.png */; };
		C6E34B97166AE82000D0AB2C /* 3x3_01.png in Resources */ = {isa = PBXBuildFile; fileRef = C6E34B91166AE82000D0AB2C /* 3x3_01.png */; };
		C6E34B98166AE82000D0AB2C /* 3x3_02.png in Resources */ = {isa = PBXBuildFile; fileRef = C6E34B92166AE82000D0AB2C /* 3x3_02.png */; };
		C6E34B99166AE82000D0AB2C /* 3x3_03.png in Resources */ = {isa = PBXBuildFile; fileRef = C6E34B93166AE82000D0AB2C /* 3x3_03.png */; };
		C6E34B9A166AE82000D0AB2C /* 3x3_04.png in Resources */ = {isa = PBXBuildFile; fileRef = C6E34B94166AE82000D0AB2C /* 3x3_04.png */; };
		C6E34B9B166AE82000D0AB2C /* 3x3_05.png in Resources */ = {isa = PBXBuildFile; fileRef = C6E34B95166AE82000D0AB2C /* 3x3_05.png */; };
		C6E34B9D166AE89600D0AB2C /* VWWThereminViewController.mm in Sources */ = {isa = PBXBuildFile; fileRef = C6E34B9C166AE89600D0AB2C /* VWWThereminViewController.mm */; };
		C6EB888A168B975600DD1F3E /* VWWThereminAboutViewController.m in Sources */ = {isa = PBXBuildFile; fileRef = C6EB8889168B975600DD1F3E /* VWWThereminAboutViewController.m */; };
		C6EB88AC168BF2A100DD1F3E /* VWWThereminConfigInputFrequencyViewController.mm in Sources */ = {isa = PBXBuildFile; fileRef = C6EB88AB168BF2A100DD1F3E /* VWWThereminConfigInputFrequencyViewController.mm */; };
		C6F7537715C6313C00911E59 /* UIKit.framework in Frameworks */ = {isa = PBXBuildFile; fileRef = C6F7537615C6313C00911E59 /* UIKit.framework */; };
		C6F7537915C6313C00911E59 /* Foundation.framework in Frameworks */ = {isa = PBXBuildFile; fileRef = C6F7537815C6313C00911E59 /* Foundation.framework */; };
		C6F7537B15C6313C00911E59 /* CoreGraphics.framework in Frameworks */ = {isa = PBXBuildFile; fileRef = C6F7537A15C6313C00911E59 /* CoreGraphics.framework */; };
		C6F7538115C6313C00911E59 /* InfoPlist.strings in Resources */ = {isa = PBXBuildFile; fileRef = C6F7537F15C6313C00911E59 /* InfoPlist.strings */; };
		C6F7538A15C6313C00911E59 /* MainStoryboard_iPhone.storyboard in Resources */ = {isa = PBXBuildFile; fileRef = C6F7538815C6313C00911E59 /* MainStoryboard_iPhone.storyboard */; };
		C6F7538D15C6313C00911E59 /* MainStoryboard_iPad.storyboard in Resources */ = {isa = PBXBuildFile; fileRef = C6F7538B15C6313C00911E59 /* MainStoryboard_iPad.storyboard */; };
		C6F7539815C6313C00911E59 /* SenTestingKit.framework in Frameworks */ = {isa = PBXBuildFile; fileRef = C6F7539715C6313C00911E59 /* SenTestingKit.framework */; };
		C6F7539915C6313C00911E59 /* UIKit.framework in Frameworks */ = {isa = PBXBuildFile; fileRef = C6F7537615C6313C00911E59 /* UIKit.framework */; };
		C6F7539A15C6313C00911E59 /* Foundation.framework in Frameworks */ = {isa = PBXBuildFile; fileRef = C6F7537815C6313C00911E59 /* Foundation.framework */; };
		C6F753A215C6313C00911E59 /* InfoPlist.strings in Resources */ = {isa = PBXBuildFile; fileRef = C6F753A015C6313C00911E59 /* InfoPlist.strings */; };
		C6F753A515C6313C00911E59 /* ThereminTests.mm in Sources */ = {isa = PBXBuildFile; fileRef = C6F753A415C6313C00911E59 /* ThereminTests.mm */; };
		C6F829AF1628C6E900C79CAA /* AudioToolbox.framework in Frameworks */ = {isa = PBXBuildFile; fileRef = C6F829AC1628C6E900C79CAA /* AudioToolbox.framework */; };
		C6F829B01628C6E900C79CAA /* CoreAudio.framework in Frameworks */ = {isa = PBXBuildFile; fileRef = C6F829AD1628C6E900C79CAA /* CoreAudio.framework */; };
		C6F829B11628C6E900C79CAA /* CoreMotion.framework in Frameworks */ = {isa = PBXBuildFile; fileRef = C6F829AE1628C6E900C79CAA /* CoreMotion.framework */; };
		C6F829B41628C72100C79CAA /* Default-568h@2x.png in Resources */ = {isa = PBXBuildFile; fileRef = C6F829B31628C72100C79CAA /* Default-568h@2x.png */; };
		C6F829BE1628C80B00C79CAA /* CADebugMacros.cpp in Sources */ = {isa = PBXBuildFile; fileRef = C6F829B61628C80B00C79CAA /* CADebugMacros.cpp */; };
		C6F829BF1628C80B00C79CAA /* CAStreamBasicDescription.cpp in Sources */ = {isa = PBXBuildFile; fileRef = C6F829BA1628C80B00C79CAA /* CAStreamBasicDescription.cpp */; };
		C6F829C01628C80B00C79CAA /* CAXException.cpp in Sources */ = {isa = PBXBuildFile; fileRef = C6F829BC1628C80B00C79CAA /* CAXException.cpp */; };
/* End PBXBuildFile section */

/* Begin PBXContainerItemProxy section */
		C6F7539B15C6313C00911E59 /* PBXContainerItemProxy */ = {
			isa = PBXContainerItemProxy;
			containerPortal = C6F7536915C6313C00911E59 /* Project object */;
			proxyType = 1;
			remoteGlobalIDString = C6F7537115C6313C00911E59;
			remoteInfo = Theremin;
		};
/* End PBXContainerItemProxy section */

/* Begin PBXFileReference section */
		C606D28E166AE1E500FA7B70 /* VWWThereminSettingsViewController.h */ = {isa = PBXFileReference; fileEncoding = 4; lastKnownFileType = sourcecode.c.h; path = VWWThereminSettingsViewController.h; sourceTree = "<group>"; };
		C606D28F166AE1E500FA7B70 /* VWWThereminSettingsViewController.mm */ = {isa = PBXFileReference; fileEncoding = 4; lastKnownFileType = sourcecode.cpp.objcpp; path = VWWThereminSettingsViewController.mm; sourceTree = "<group>"; };
		C606D293166AE1E500FA7B70 /* todo.txt */ = {isa = PBXFileReference; fileEncoding = 4; lastKnownFileType = text; path = todo.txt; sourceTree = "<group>"; };
		C606D296166AE1E500FA7B70 /* VWWMotionMonitor.h */ = {isa = PBXFileReference; fileEncoding = 4; lastKnownFileType = sourcecode.c.h; path = VWWMotionMonitor.h; sourceTree = "<group>"; };
		C606D297166AE1E500FA7B70 /* VWWMotionMonitor.m */ = {isa = PBXFileReference; fileEncoding = 4; lastKnownFileType = sourcecode.c.objc; path = VWWMotionMonitor.m; sourceTree = "<group>"; };
		C606D299166AE1E500FA7B70 /* VWWThereminNotes.h */ = {isa = PBXFileReference; fileEncoding = 4; lastKnownFileType = sourcecode.c.h; path = VWWThereminNotes.h; sourceTree = "<group>"; };
		C606D29A166AE1E500FA7B70 /* VWWThereminNotes.m */ = {isa = PBXFileReference; fileEncoding = 4; lastKnownFileType = sourcecode.c.objc; path = VWWThereminNotes.m; sourceTree = "<group>"; };
		C606D29B166AE1E500FA7B70 /* VWWThereminSynthesizer.h */ = {isa = PBXFileReference; fileEncoding = 4; lastKnownFileType = sourcecode.c.h; path = VWWThereminSynthesizer.h; sourceTree = "<group>"; };
		C606D29C166AE1E500FA7B70 /* VWWThereminSynthesizer.mm */ = {isa = PBXFileReference; fileEncoding = 4; lastKnownFileType = sourcecode.cpp.objcpp; path = VWWThereminSynthesizer.mm; sourceTree = "<group>"; };
		C606D2AC166AE20C00FA7B70 /* main.m */ = {isa = PBXFileReference; fileEncoding = 4; lastKnownFileType = sourcecode.c.objc; path = main.m; sourceTree = "<group>"; };
		C606D2AD166AE20C00FA7B70 /* Theremin-Info.plist */ = {isa = PBXFileReference; fileEncoding = 4; lastKnownFileType = text.plist.xml; path = "Theremin-Info.plist"; sourceTree = "<group>"; };
		C606D2AE166AE20C00FA7B70 /* Theremin-Prefix.pch */ = {isa = PBXFileReference; fileEncoding = 4; lastKnownFileType = sourcecode.c.h; path = "Theremin-Prefix.pch"; sourceTree = "<group>"; };
		C606D2AF166AE20C00FA7B70 /* VWWAppDelegate.h */ = {isa = PBXFileReference; fileEncoding = 4; lastKnownFileType = sourcecode.c.h; path = VWWAppDelegate.h; sourceTree = "<group>"; };
		C606D2B0166AE20C00FA7B70 /* VWWAppDelegate.mm */ = {isa = PBXFileReference; fileEncoding = 4; lastKnownFileType = sourcecode.cpp.objcpp; path = VWWAppDelegate.mm; sourceTree = "<group>"; };
		C606D2B8166AE34100FA7B70 /* VWWThereminViewController.h */ = {isa = PBXFileReference; fileEncoding = 4; lastKnownFileType = sourcecode.c.h; path = VWWThereminViewController.h; sourceTree = "<group>"; };
		C606D2BC166AE3A200FA7B70 /* VWWCubeScene.h */ = {isa = PBXFileReference; fileEncoding = 4; lastKnownFileType = sourcecode.c.h; path = VWWCubeScene.h; sourceTree = "<group>"; };
		C606D2BD166AE3A200FA7B70 /* VWWCubeScene.m */ = {isa = PBXFileReference; fileEncoding = 4; lastKnownFileType = sourcecode.c.objc; path = VWWCubeScene.m; sourceTree = "<group>"; };
		C606D2BE166AE3A200FA7B70 /* VWWScene.h */ = {isa = PBXFileReference; fileEncoding = 4; lastKnownFileType = sourcecode.c.h; path = VWWScene.h; sourceTree = "<group>"; };
		C606D2BF166AE3A200FA7B70 /* VWWScene.m */ = {isa = PBXFileReference; fileEncoding = 4; lastKnownFileType = sourcecode.c.objc; path = VWWScene.m; sourceTree = "<group>"; };
		C606D2C6166AE40F00FA7B70 /* VWWCubeModel.h */ = {isa = PBXFileReference; fileEncoding = 4; lastKnownFileType = sourcecode.c.h; path = VWWCubeModel.h; sourceTree = "<group>"; };
		C606D2C7166AE40F00FA7B70 /* VWWCubeModel.m */ = {isa = PBXFileReference; fileEncoding = 4; lastKnownFileType = sourcecode.c.objc; path = VWWCubeModel.m; sourceTree = "<group>"; };
		C606D2C8166AE40F00FA7B70 /* VWWSquareModel.h */ = {isa = PBXFileReference; fileEncoding = 4; lastKnownFileType = sourcecode.c.h; path = VWWSquareModel.h; sourceTree = "<group>"; };
		C606D2C9166AE40F00FA7B70 /* VWWSquareModel.m */ = {isa = PBXFileReference; fileEncoding = 4; lastKnownFileType = sourcecode.c.objc; path = VWWSquareModel.m; sourceTree = "<group>"; };
		C60E4FF4169805DC006BD352 /* vww_logo.png */ = {isa = PBXFileReference; lastKnownFileType = image.png; name = vww_logo.png; path = images/vww_logo.png; sourceTree = SOURCE_ROOT; };
		C60E4FF7169807C8006BD352 /* custom.strings */ = {isa = PBXFileReference; fileEncoding = 4; lastKnownFileType = text.plist.strings; path = custom.strings; sourceTree = "<group>"; };
		C624E67615C7E3E400A8DD94 /* Default@2x.png */ = {isa = PBXFileReference; lastKnownFileType = image.png; name = "Default@2x.png"; path = "../Default@2x.png"; sourceTree = "<group>"; };
		C63486411697C76800B5E701 /* VWWThereminMath.h */ = {isa = PBXFileReference; fileEncoding = 4; lastKnownFileType = sourcecode.c.h; path = VWWThereminMath.h; sourceTree = "<group>"; };
		C63486421697DC2800B5E701 /* VWWThereminTypes.h */ = {isa = PBXFileReference; lastKnownFileType = sourcecode.c.h; path = VWWThereminTypes.h; sourceTree = "<group>"; };
		C6357CED15C7A5690074E722 /* sawtooth_256x256.png */ = {isa = PBXFileReference; lastKnownFileType = image.png; name = sawtooth_256x256.png; path = images/sawtooth_256x256.png; sourceTree = "<group>"; };
		C6357CEE15C7A5690074E722 /* sine_256x256.png */ = {isa = PBXFileReference; lastKnownFileType = image.png; name = sine_256x256.png; path = images/sine_256x256.png; sourceTree = "<group>"; };
		C6357CEF15C7A5690074E722 /* square_256x256.png */ = {isa = PBXFileReference; lastKnownFileType = image.png; name = square_256x256.png; path = images/square_256x256.png; sourceTree = "<group>"; };
		C6357CF015C7A5690074E722 /* triangle_256x256.png */ = {isa = PBXFileReference; lastKnownFileType = image.png; name = triangle_256x256.png; path = images/triangle_256x256.png; sourceTree = "<group>"; };
		C6357CF115C7A5690074E722 /* waveforms.png */ = {isa = PBXFileReference; lastKnownFileType = image.png; name = waveforms.png; path = images/waveforms.png; sourceTree = "<group>"; };
		C66F463F15C7AD880066E94B /* Icon_144x144.png */ = {isa = PBXFileReference; lastKnownFileType = image.png; name = Icon_144x144.png; path = ../Icon_144x144.png; sourceTree = "<group>"; };
		C66F464115C7AD990066E94B /* Icon_57x57.png */ = {isa = PBXFileReference; lastKnownFileType = image.png; name = Icon_57x57.png; path = ../Icon_57x57.png; sourceTree = "<group>"; };
		C66F464315C7AD9F0066E94B /* Icon_114x114.png */ = {isa = PBXFileReference; lastKnownFileType = image.png; name = Icon_114x114.png; path = ../Icon_114x114.png; sourceTree = "<group>"; };
		C66F464715C7ADD40066E94B /* Icon_72x72.png */ = {isa = PBXFileReference; lastKnownFileType = image.png; name = Icon_72x72.png; path = ../Icon_72x72.png; sourceTree = "<group>"; };
		C66F464915C7AE580066E94B /* Default.png */ = {isa = PBXFileReference; lastKnownFileType = image.png; name = Default.png; path = ../Default.png; sourceTree = "<group>"; };
		C66F464B15C7AE690066E94B /* Default-Portrait~ipad.png */ = {isa = PBXFileReference; lastKnownFileType = image.png; name = "Default-Portrait~ipad.png"; path = "../Default-Portrait~ipad.png"; sourceTree = "<group>"; };
		C66F464D15C7AE6F0066E94B /* Default-Portrait@2x~ipad.png */ = {isa = PBXFileReference; lastKnownFileType = image.png; name = "Default-Portrait@2x~ipad.png"; path = "../Default-Portrait@2x~ipad.png"; sourceTree = "<group>"; };
		C6747F64168FEC40007133AD /* VWWThereminConfigInputEffectsViewController.h */ = {isa = PBXFileReference; fileEncoding = 4; lastKnownFileType = sourcecode.c.h; path = VWWThereminConfigInputEffectsViewController.h; sourceTree = "<group>"; };
		C6747F65168FEC40007133AD /* VWWThereminConfigInputEffectsViewController.mm */ = {isa = PBXFileReference; fileEncoding = 4; lastKnownFileType = sourcecode.cpp.objcpp; path = VWWThereminConfigInputEffectsViewController.mm; sourceTree = "<group>"; };
		C6747F68168FECDF007133AD /* VWWConfigInputEffectsView.h */ = {isa = PBXFileReference; fileEncoding = 4; lastKnownFileType = sourcecode.c.h; path = VWWConfigInputEffectsView.h; sourceTree = "<group>"; };
		C6747F69168FECDF007133AD /* VWWConfigInputEffectsView.m */ = {isa = PBXFileReference; fileEncoding = 4; lastKnownFileType = sourcecode.c.objc; path = VWWConfigInputEffectsView.m; sourceTree = "<group>"; };
		C6A94FD2168FC8AE003F2AFE /* VWWConfigInputWaveformView.h */ = {isa = PBXFileReference; fileEncoding = 4; lastKnownFileType = sourcecode.c.h; path = VWWConfigInputWaveformView.h; sourceTree = "<group>"; };
		C6A94FD3168FC8AE003F2AFE /* VWWConfigInputWaveformView.m */ = {isa = PBXFileReference; fileEncoding = 4; lastKnownFileType = sourcecode.c.objc; path = VWWConfigInputWaveformView.m; sourceTree = "<group>"; };
		C6A94FD5168FC8C1003F2AFE /* VWWConfigInputSensitivityView.h */ = {isa = PBXFileReference; fileEncoding = 4; lastKnownFileType = sourcecode.c.h; path = VWWConfigInputSensitivityView.h; sourceTree = "<group>"; };
		C6A94FD6168FC8C1003F2AFE /* VWWConfigInputSensitivityView.m */ = {isa = PBXFileReference; fileEncoding = 4; lastKnownFileType = sourcecode.c.objc; path = VWWConfigInputSensitivityView.m; sourceTree = "<group>"; };
		C6B3E961168BFBB100298AF5 /* VWWConfigInputFrequencyView.h */ = {isa = PBXFileReference; fileEncoding = 4; lastKnownFileType = sourcecode.c.h; path = VWWConfigInputFrequencyView.h; sourceTree = "<group>"; };
		C6B3E962168BFBB100298AF5 /* VWWConfigInputFrequencyView.m */ = {isa = PBXFileReference; fileEncoding = 4; lastKnownFileType = sourcecode.c.objc; path = VWWConfigInputFrequencyView.m; sourceTree = "<group>"; };
		C6CE37A6168EBAE3000F2A48 /* VWWThereminConfiguration.h */ = {isa = PBXFileReference; lastKnownFileType = sourcecode.c.h; path = VWWThereminConfiguration.h; sourceTree = "<group>"; };
		C6CE37AB168EC640000F2A48 /* VWWThereminInput.h */ = {isa = PBXFileReference; fileEncoding = 4; lastKnownFileType = sourcecode.c.h; path = VWWThereminInput.h; sourceTree = "<group>"; };
		C6CE37AE168EC67C000F2A48 /* VWWThereminInputAxis.h */ = {isa = PBXFileReference; fileEncoding = 4; lastKnownFileType = sourcecode.c.h; path = VWWThereminInputAxis.h; sourceTree = "<group>"; };
		C6CE37AF168EC67C000F2A48 /* VWWThereminInputAxis.mm */ = {isa = PBXFileReference; fileEncoding = 4; lastKnownFileType = sourcecode.cpp.objcpp; path = VWWThereminInputAxis.mm; sourceTree = "<group>"; };
		C6CE37B1168EC804000F2A48 /* VWWThereminInput.mm */ = {isa = PBXFileReference; fileEncoding = 4; lastKnownFileType = sourcecode.cpp.objcpp; path = VWWThereminInput.mm; sourceTree = "<group>"; };
		C6CE37B4168ECE15000F2A48 /* VWWThereminInputs.h */ = {isa = PBXFileReference; fileEncoding = 4; lastKnownFileType = sourcecode.c.h; path = VWWThereminInputs.h; sourceTree = "<group>"; };
		C6CE37B7168ECFC4000F2A48 /* VWWThereminInputs.mm */ = {isa = PBXFileReference; fileEncoding = 4; lastKnownFileType = sourcecode.cpp.objcpp; path = VWWThereminInputs.mm; sourceTree = "<group>"; };
		C6CE37B9168ED11F000F2A48 /* VWWLine.h */ = {isa = PBXFileReference; fileEncoding = 4; lastKnownFileType = sourcecode.c.h; name = VWWLine.h; path = Theremin/VWWLine.h; sourceTree = SOURCE_ROOT; };
		C6CE37BA168ED120000F2A48 /* VWWLine.m */ = {isa = PBXFileReference; fileEncoding = 4; lastKnownFileType = sourcecode.c.objc; name = VWWLine.m; path = Theremin/VWWLine.m; sourceTree = SOURCE_ROOT; };
		C6CE37BC168F1D3E000F2A48 /* VWWThereminConfigInputWaveformsViewController.h */ = {isa = PBXFileReference; fileEncoding = 4; lastKnownFileType = sourcecode.c.h; path = VWWThereminConfigInputWaveformsViewController.h; sourceTree = "<group>"; };
		C6CE37BD168F1D3E000F2A48 /* VWWThereminConfigInputWaveformsViewController.mm */ = {isa = PBXFileReference; fileEncoding = 4; lastKnownFileType = sourcecode.cpp.objcpp; path = VWWThereminConfigInputWaveformsViewController.mm; sourceTree = "<group>"; };
		C6CE37BF168F1DB7000F2A48 /* VWWThereminConfigInputSensitivityViewController.h */ = {isa = PBXFileReference; fileEncoding = 4; lastKnownFileType = sourcecode.c.h; path = VWWThereminConfigInputSensitivityViewController.h; sourceTree = "<group>"; };
		C6CE37C0168F1DB7000F2A48 /* VWWThereminConfigInputSensitivityViewController.mm */ = {isa = PBXFileReference; fileEncoding = 4; lastKnownFileType = sourcecode.cpp.objcpp; path = VWWThereminConfigInputSensitivityViewController.mm; sourceTree = "<group>"; };
		C6D3E1A11639B4B10032D2F3 /* button_background.png */ = {isa = PBXFileReference; lastKnownFileType = image.png; name = button_background.png; path = images/button_background.png; sourceTree = SOURCE_ROOT; };
		C6D3E1A31639B5580032D2F3 /* button_background_pressed.png */ = {isa = PBXFileReference; lastKnownFileType = image.png; name = button_background_pressed.png; path = images/button_background_pressed.png; sourceTree = SOURCE_ROOT; };
		C6DAB1DA169112530056E769 /* VWWFileSystem.h */ = {isa = PBXFileReference; fileEncoding = 4; lastKnownFileType = sourcecode.c.h; path = VWWFileSystem.h; sourceTree = "<group>"; };
		C6DAB1DB169112540056E769 /* VWWFileSystem.m */ = {isa = PBXFileReference; fileEncoding = 4; lastKnownFileType = sourcecode.c.objc; path = VWWFileSystem.m; sourceTree = "<group>"; };
		C6E34B7E166AE52700D0AB2C /* GLKit.framework */ = {isa = PBXFileReference; lastKnownFileType = wrapper.framework; name = GLKit.framework; path = System/Library/Frameworks/GLKit.framework; sourceTree = SDKROOT; };
		C6E34B7F166AE52700D0AB2C /* OpenGLES.framework */ = {isa = PBXFileReference; lastKnownFileType = wrapper.framework; name = OpenGLES.framework; path = System/Library/Frameworks/OpenGLES.framework; sourceTree = SDKROOT; };
		C6E34B90166AE82000D0AB2C /* 3x3_00.png */ = {isa = PBXFileReference; lastKnownFileType = image.png; path = 3x3_00.png; sourceTree = "<group>"; };
		C6E34B91166AE82000D0AB2C /* 3x3_01.png */ = {isa = PBXFileReference; lastKnownFileType = image.png; path = 3x3_01.png; sourceTree = "<group>"; };
		C6E34B92166AE82000D0AB2C /* 3x3_02.png */ = {isa = PBXFileReference; lastKnownFileType = image.png; path = 3x3_02.png; sourceTree = "<group>"; };
		C6E34B93166AE82000D0AB2C /* 3x3_03.png */ = {isa = PBXFileReference; lastKnownFileType = image.png; path = 3x3_03.png; sourceTree = "<group>"; };
		C6E34B94166AE82000D0AB2C /* 3x3_04.png */ = {isa = PBXFileReference; lastKnownFileType = image.png; path = 3x3_04.png; sourceTree = "<group>"; };
		C6E34B95166AE82000D0AB2C /* 3x3_05.png */ = {isa = PBXFileReference; lastKnownFileType = image.png; path = 3x3_05.png; sourceTree = "<group>"; };
		C6E34B9C166AE89600D0AB2C /* VWWThereminViewController.mm */ = {isa = PBXFileReference; fileEncoding = 4; lastKnownFileType = sourcecode.cpp.objcpp; path = VWWThereminViewController.mm; sourceTree = "<group>"; };
		C6EB8888168B975600DD1F3E /* VWWThereminAboutViewController.h */ = {isa = PBXFileReference; fileEncoding = 4; lastKnownFileType = sourcecode.c.h; path = VWWThereminAboutViewController.h; sourceTree = "<group>"; };
		C6EB8889168B975600DD1F3E /* VWWThereminAboutViewController.m */ = {isa = PBXFileReference; fileEncoding = 4; lastKnownFileType = sourcecode.c.objc; path = VWWThereminAboutViewController.m; sourceTree = "<group>"; };
		C6EB88AA168BF2A100DD1F3E /* VWWThereminConfigInputFrequencyViewController.h */ = {isa = PBXFileReference; fileEncoding = 4; lastKnownFileType = sourcecode.c.h; path = VWWThereminConfigInputFrequencyViewController.h; sourceTree = "<group>"; };
		C6EB88AB168BF2A100DD1F3E /* VWWThereminConfigInputFrequencyViewController.mm */ = {isa = PBXFileReference; fileEncoding = 4; lastKnownFileType = sourcecode.cpp.objcpp; path = VWWThereminConfigInputFrequencyViewController.mm; sourceTree = "<group>"; };
		C6F7537215C6313C00911E59 /* Theremin.app */ = {isa = PBXFileReference; explicitFileType = wrapper.application; includeInIndex = 0; path = Theremin.app; sourceTree = BUILT_PRODUCTS_DIR; };
		C6F7537615C6313C00911E59 /* UIKit.framework */ = {isa = PBXFileReference; lastKnownFileType = wrapper.framework; name = UIKit.framework; path = System/Library/Frameworks/UIKit.framework; sourceTree = SDKROOT; };
		C6F7537815C6313C00911E59 /* Foundation.framework */ = {isa = PBXFileReference; lastKnownFileType = wrapper.framework; name = Foundation.framework; path = System/Library/Frameworks/Foundation.framework; sourceTree = SDKROOT; };
		C6F7537A15C6313C00911E59 /* CoreGraphics.framework */ = {isa = PBXFileReference; lastKnownFileType = wrapper.framework; name = CoreGraphics.framework; path = System/Library/Frameworks/CoreGraphics.framework; sourceTree = SDKROOT; };
		C6F7538015C6313C00911E59 /* en */ = {isa = PBXFileReference; lastKnownFileType = text.plist.strings; name = en; path = en.lproj/InfoPlist.strings; sourceTree = "<group>"; };
		C6F7538915C6313C00911E59 /* en */ = {isa = PBXFileReference; lastKnownFileType = file.storyboard; name = en; path = en.lproj/MainStoryboard_iPhone.storyboard; sourceTree = "<group>"; };
		C6F7538C15C6313C00911E59 /* en */ = {isa = PBXFileReference; lastKnownFileType = file.storyboard; name = en; path = en.lproj/MainStoryboard_iPad.storyboard; sourceTree = "<group>"; };
		C6F7539615C6313C00911E59 /* ThereminTests.octest */ = {isa = PBXFileReference; explicitFileType = wrapper.cfbundle; includeInIndex = 0; path = ThereminTests.octest; sourceTree = BUILT_PRODUCTS_DIR; };
		C6F7539715C6313C00911E59 /* SenTestingKit.framework */ = {isa = PBXFileReference; lastKnownFileType = wrapper.framework; name = SenTestingKit.framework; path = Library/Frameworks/SenTestingKit.framework; sourceTree = DEVELOPER_DIR; };
		C6F7539F15C6313C00911E59 /* ThereminTests-Info.plist */ = {isa = PBXFileReference; lastKnownFileType = text.plist.xml; path = "ThereminTests-Info.plist"; sourceTree = "<group>"; };
		C6F753A115C6313C00911E59 /* en */ = {isa = PBXFileReference; lastKnownFileType = text.plist.strings; name = en; path = en.lproj/InfoPlist.strings; sourceTree = "<group>"; };
		C6F753A315C6313C00911E59 /* ThereminTests.h */ = {isa = PBXFileReference; lastKnownFileType = sourcecode.c.h; path = ThereminTests.h; sourceTree = "<group>"; };
		C6F753A415C6313C00911E59 /* ThereminTests.mm */ = {isa = PBXFileReference; lastKnownFileType = sourcecode.cpp.objcpp; path = ThereminTests.mm; sourceTree = "<group>"; };
		C6F829AC1628C6E900C79CAA /* AudioToolbox.framework */ = {isa = PBXFileReference; lastKnownFileType = wrapper.framework; name = AudioToolbox.framework; path = System/Library/Frameworks/AudioToolbox.framework; sourceTree = SDKROOT; };
		C6F829AD1628C6E900C79CAA /* CoreAudio.framework */ = {isa = PBXFileReference; lastKnownFileType = wrapper.framework; name = CoreAudio.framework; path = System/Library/Frameworks/CoreAudio.framework; sourceTree = SDKROOT; };
		C6F829AE1628C6E900C79CAA /* CoreMotion.framework */ = {isa = PBXFileReference; lastKnownFileType = wrapper.framework; name = CoreMotion.framework; path = System/Library/Frameworks/CoreMotion.framework; sourceTree = SDKROOT; };
		C6F829B31628C72100C79CAA /* Default-568h@2x.png */ = {isa = PBXFileReference; lastKnownFileType = image.png; name = "Default-568h@2x.png"; path = "../Default-568h@2x.png"; sourceTree = "<group>"; };
		C6F829B61628C80B00C79CAA /* CADebugMacros.cpp */ = {isa = PBXFileReference; fileEncoding = 4; lastKnownFileType = sourcecode.cpp.cpp; path = CADebugMacros.cpp; sourceTree = "<group>"; };
		C6F829B71628C80B00C79CAA /* CADebugMacros.h */ = {isa = PBXFileReference; fileEncoding = 4; lastKnownFileType = sourcecode.c.h; path = CADebugMacros.h; sourceTree = "<group>"; };
		C6F829B81628C80B00C79CAA /* CADebugPrintf.h */ = {isa = PBXFileReference; fileEncoding = 4; lastKnownFileType = sourcecode.c.h; path = CADebugPrintf.h; sourceTree = "<group>"; };
		C6F829B91628C80B00C79CAA /* CAMath.h */ = {isa = PBXFileReference; fileEncoding = 4; lastKnownFileType = sourcecode.c.h; path = CAMath.h; sourceTree = "<group>"; };
		C6F829BA1628C80B00C79CAA /* CAStreamBasicDescription.cpp */ = {isa = PBXFileReference; fileEncoding = 4; lastKnownFileType = sourcecode.cpp.cpp; path = CAStreamBasicDescription.cpp; sourceTree = "<group>"; };
		C6F829BB1628C80B00C79CAA /* CAStreamBasicDescription.h */ = {isa = PBXFileReference; fileEncoding = 4; lastKnownFileType = sourcecode.c.h; path = CAStreamBasicDescription.h; sourceTree = "<group>"; };
		C6F829BC1628C80B00C79CAA /* CAXException.cpp */ = {isa = PBXFileReference; fileEncoding = 4; lastKnownFileType = sourcecode.cpp.cpp; path = CAXException.cpp; sourceTree = "<group>"; };
		C6F829BD1628C80B00C79CAA /* CAXException.h */ = {isa = PBXFileReference; fileEncoding = 4; lastKnownFileType = sourcecode.c.h; path = CAXException.h; sourceTree = "<group>"; };
/* End PBXFileReference section */

/* Begin PBXFrameworksBuildPhase section */
		C6F7536F15C6313C00911E59 /* Frameworks */ = {
			isa = PBXFrameworksBuildPhase;
			buildActionMask = 2147483647;
			files = (
				C6E34B80166AE52800D0AB2C /* GLKit.framework in Frameworks */,
				C6E34B81166AE52800D0AB2C /* OpenGLES.framework in Frameworks */,
				C6F829AF1628C6E900C79CAA /* AudioToolbox.framework in Frameworks */,
				C6F829B01628C6E900C79CAA /* CoreAudio.framework in Frameworks */,
				C6F829B11628C6E900C79CAA /* CoreMotion.framework in Frameworks */,
				C6F7537715C6313C00911E59 /* UIKit.framework in Frameworks */,
				C6F7537915C6313C00911E59 /* Foundation.framework in Frameworks */,
				C6F7537B15C6313C00911E59 /* CoreGraphics.framework in Frameworks */,
			);
			runOnlyForDeploymentPostprocessing = 0;
		};
		C6F7539215C6313C00911E59 /* Frameworks */ = {
			isa = PBXFrameworksBuildPhase;
			buildActionMask = 2147483647;
			files = (
				C6F7539815C6313C00911E59 /* SenTestingKit.framework in Frameworks */,
				C6F7539915C6313C00911E59 /* UIKit.framework in Frameworks */,
				C6F7539A15C6313C00911E59 /* Foundation.framework in Frameworks */,
			);
			runOnlyForDeploymentPostprocessing = 0;
		};
/* End PBXFrameworksBuildPhase section */

/* Begin PBXGroup section */
		C606D27B166ADA4100FA7B70 /* xcode_produced */ = {
			isa = PBXGroup;
			children = (
				C6F829B31628C72100C79CAA /* Default-568h@2x.png */,
				C624E67615C7E3E400A8DD94 /* Default@2x.png */,
			);
			name = xcode_produced;
			sourceTree = "<group>";
		};
		C606D289166AE1E500FA7B70 /* Controller */ = {
			isa = PBXGroup;
			children = (
				C606D2B8166AE34100FA7B70 /* VWWThereminViewController.h */,
				C6E34B9C166AE89600D0AB2C /* VWWThereminViewController.mm */,
				C6EB8888168B975600DD1F3E /* VWWThereminAboutViewController.h */,
				C6EB8889168B975600DD1F3E /* VWWThereminAboutViewController.m */,
				C606D28E166AE1E500FA7B70 /* VWWThereminSettingsViewController.h */,
				C606D28F166AE1E500FA7B70 /* VWWThereminSettingsViewController.mm */,
				C6EB88AA168BF2A100DD1F3E /* VWWThereminConfigInputFrequencyViewController.h */,
				C6EB88AB168BF2A100DD1F3E /* VWWThereminConfigInputFrequencyViewController.mm */,
				C6CE37BC168F1D3E000F2A48 /* VWWThereminConfigInputWaveformsViewController.h */,
				C6CE37BD168F1D3E000F2A48 /* VWWThereminConfigInputWaveformsViewController.mm */,
				C6CE37BF168F1DB7000F2A48 /* VWWThereminConfigInputSensitivityViewController.h */,
				C6CE37C0168F1DB7000F2A48 /* VWWThereminConfigInputSensitivityViewController.mm */,
				C6747F64168FEC40007133AD /* VWWThereminConfigInputEffectsViewController.h */,
				C6747F65168FEC40007133AD /* VWWThereminConfigInputEffectsViewController.mm */,
			);
			path = Controller;
			sourceTree = "<group>";
		};
		C606D292166AE1E500FA7B70 /* Documents */ = {
			isa = PBXGroup;
			children = (
				C60E4FF7169807C8006BD352 /* custom.strings */,
				C606D293166AE1E500FA7B70 /* todo.txt */,
			);
			path = Documents;
			sourceTree = "<group>";
		};
		C606D294166AE1E500FA7B70 /* Model */ = {
			isa = PBXGroup;
			children = (
				C6DAB1D81691123B0056E769 /* File */,
				C6CE37B3168EC870000F2A48 /* Inputs */,
				C6EB8880168B921900DD1F3E /* OpenGL */,
				C606D295166AE1E500FA7B70 /* Motion */,
				C606D298166AE1E500FA7B70 /* Synthesizer */,
				C6CE37B9168ED11F000F2A48 /* VWWLine.h */,
				C6CE37BA168ED120000F2A48 /* VWWLine.m */,
			);
			path = Model;
			sourceTree = "<group>";
		};
		C606D295166AE1E500FA7B70 /* Motion */ = {
			isa = PBXGroup;
			children = (
				C606D296166AE1E500FA7B70 /* VWWMotionMonitor.h */,
				C606D297166AE1E500FA7B70 /* VWWMotionMonitor.m */,
			);
			path = Motion;
			sourceTree = "<group>";
		};
		C606D298166AE1E500FA7B70 /* Synthesizer */ = {
			isa = PBXGroup;
			children = (
				C6F829B51628C80B00C79CAA /* Apple CA Helpers */,
				C63486411697C76800B5E701 /* VWWThereminMath.h */,
				C606D299166AE1E500FA7B70 /* VWWThereminNotes.h */,
				C606D29A166AE1E500FA7B70 /* VWWThereminNotes.m */,
				C606D29B166AE1E500FA7B70 /* VWWThereminSynthesizer.h */,
				C606D29C166AE1E500FA7B70 /* VWWThereminSynthesizer.mm */,
				C63486421697DC2800B5E701 /* VWWThereminTypes.h */,
			);
			path = Synthesizer;
			sourceTree = "<group>";
		};
		C606D29F166AE1E500FA7B70 /* View */ = {
			isa = PBXGroup;
			children = (
				C6B3E961168BFBB100298AF5 /* VWWConfigInputFrequencyView.h */,
				C6B3E962168BFBB100298AF5 /* VWWConfigInputFrequencyView.m */,
				C6A94FD2168FC8AE003F2AFE /* VWWConfigInputWaveformView.h */,
				C6A94FD3168FC8AE003F2AFE /* VWWConfigInputWaveformView.m */,
				C6A94FD5168FC8C1003F2AFE /* VWWConfigInputSensitivityView.h */,
				C6A94FD6168FC8C1003F2AFE /* VWWConfigInputSensitivityView.m */,
				C6747F68168FECDF007133AD /* VWWConfigInputEffectsView.h */,
				C6747F69168FECDF007133AD /* VWWConfigInputEffectsView.m */,
			);
			path = View;
			sourceTree = "<group>";
		};
		C606D2BB166AE3A200FA7B70 /* Scenes */ = {
			isa = PBXGroup;
			children = (
				C606D2BE166AE3A200FA7B70 /* VWWScene.h */,
				C606D2BF166AE3A200FA7B70 /* VWWScene.m */,
				C606D2BC166AE3A200FA7B70 /* VWWCubeScene.h */,
				C606D2BD166AE3A200FA7B70 /* VWWCubeScene.m */,
			);
			path = Scenes;
			sourceTree = "<group>";
		};
		C606D2C5166AE40F00FA7B70 /* Model */ = {
			isa = PBXGroup;
			children = (
				C606D2C6166AE40F00FA7B70 /* VWWCubeModel.h */,
				C606D2C7166AE40F00FA7B70 /* VWWCubeModel.m */,
				C606D2C8166AE40F00FA7B70 /* VWWSquareModel.h */,
				C606D2C9166AE40F00FA7B70 /* VWWSquareModel.m */,
			);
			name = Model;
			path = GLModel;
			sourceTree = "<group>";
		};
		C6357CEB15C7A55C0074E722 /* images */ = {
			isa = PBXGroup;
			children = (
				C6E34B8F166AE82000D0AB2C /* GLtextures */,
				C606D27B166ADA4100FA7B70 /* xcode_produced */,
				C6D3E1A31639B5580032D2F3 /* button_background_pressed.png */,
				C6D3E1A11639B4B10032D2F3 /* button_background.png */,
				C66F464D15C7AE6F0066E94B /* Default-Portrait@2x~ipad.png */,
				C66F464B15C7AE690066E94B /* Default-Portrait~ipad.png */,
				C66F464915C7AE580066E94B /* Default.png */,
				C60E4FF4169805DC006BD352 /* vww_logo.png */,
				C66F464715C7ADD40066E94B /* Icon_72x72.png */,
				C66F464315C7AD9F0066E94B /* Icon_114x114.png */,
				C66F464115C7AD990066E94B /* Icon_57x57.png */,
				C66F463F15C7AD880066E94B /* Icon_144x144.png */,
				C66F464F15C7AEEF0066E94B /* source_folder */,
			);
			name = images;
			sourceTree = "<group>";
		};
		C66F464F15C7AEEF0066E94B /* source_folder */ = {
			isa = PBXGroup;
			children = (
				C6357CED15C7A5690074E722 /* sawtooth_256x256.png */,
				C6357CEE15C7A5690074E722 /* sine_256x256.png */,
				C6357CEF15C7A5690074E722 /* square_256x256.png */,
				C6357CF015C7A5690074E722 /* triangle_256x256.png */,
				C6357CF115C7A5690074E722 /* waveforms.png */,
			);
			name = source_folder;
			sourceTree = "<group>";
		};
		C6CE37B3168EC870000F2A48 /* Inputs */ = {
			isa = PBXGroup;
			children = (
				C6CE37B4168ECE15000F2A48 /* VWWThereminInputs.h */,
				C6CE37B7168ECFC4000F2A48 /* VWWThereminInputs.mm */,
				C6CE37AB168EC640000F2A48 /* VWWThereminInput.h */,
				C6CE37B1168EC804000F2A48 /* VWWThereminInput.mm */,
				C6CE37AE168EC67C000F2A48 /* VWWThereminInputAxis.h */,
				C6CE37AF168EC67C000F2A48 /* VWWThereminInputAxis.mm */,
			);
			name = Inputs;
			sourceTree = "<group>";
		};
		C6DAB1D81691123B0056E769 /* File */ = {
			isa = PBXGroup;
			children = (
				C6DAB1DA169112530056E769 /* VWWFileSystem.h */,
				C6DAB1DB169112540056E769 /* VWWFileSystem.m */,
			);
			name = File;
			sourceTree = "<group>";
		};
		C6E34B8F166AE82000D0AB2C /* GLtextures */ = {
			isa = PBXGroup;
			children = (
				C6E34B90166AE82000D0AB2C /* 3x3_00.png */,
				C6E34B91166AE82000D0AB2C /* 3x3_01.png */,
				C6E34B92166AE82000D0AB2C /* 3x3_02.png */,
				C6E34B93166AE82000D0AB2C /* 3x3_03.png */,
				C6E34B94166AE82000D0AB2C /* 3x3_04.png */,
				C6E34B95166AE82000D0AB2C /* 3x3_05.png */,
			);
			name = GLtextures;
			path = images/GLtextures;
			sourceTree = "<group>";
		};
		C6EB8880168B921900DD1F3E /* OpenGL */ = {
			isa = PBXGroup;
			children = (
				C606D2C5166AE40F00FA7B70 /* Model */,
				C606D2BB166AE3A200FA7B70 /* Scenes */,
			);
			name = OpenGL;
			sourceTree = "<group>";
		};
		C6F7536715C6313C00911E59 = {
			isa = PBXGroup;
			children = (
				C6F7537C15C6313C00911E59 /* Theremin */,
				C6F7539D15C6313C00911E59 /* ThereminTests */,
				C6F7537515C6313C00911E59 /* Frameworks */,
				C6F7537315C6313C00911E59 /* Products */,
			);
			sourceTree = "<group>";
		};
		C6F7537315C6313C00911E59 /* Products */ = {
			isa = PBXGroup;
			children = (
				C6F7537215C6313C00911E59 /* Theremin.app */,
				C6F7539615C6313C00911E59 /* ThereminTests.octest */,
			);
			name = Products;
			sourceTree = "<group>";
		};
		C6F7537515C6313C00911E59 /* Frameworks */ = {
			isa = PBXGroup;
			children = (
				C6E34B7E166AE52700D0AB2C /* GLKit.framework */,
				C6E34B7F166AE52700D0AB2C /* OpenGLES.framework */,
				C6F829AC1628C6E900C79CAA /* AudioToolbox.framework */,
				C6F829AD1628C6E900C79CAA /* CoreAudio.framework */,
				C6F829AE1628C6E900C79CAA /* CoreMotion.framework */,
				C6F7537615C6313C00911E59 /* UIKit.framework */,
				C6F7537815C6313C00911E59 /* Foundation.framework */,
				C6F7537A15C6313C00911E59 /* CoreGraphics.framework */,
				C6F7539715C6313C00911E59 /* SenTestingKit.framework */,
			);
			name = Frameworks;
			sourceTree = "<group>";
		};
		C6F7537C15C6313C00911E59 /* Theremin */ = {
			isa = PBXGroup;
			children = (
				C606D292166AE1E500FA7B70 /* Documents */,
				C6F753CA15C63B7200911E59 /* Storyboards */,
				C606D289166AE1E500FA7B70 /* Controller */,
				C606D29F166AE1E500FA7B70 /* View */,
				C606D294166AE1E500FA7B70 /* Model */,
				C6F7537D15C6313C00911E59 /* Supporting Files */,
				C6357CEB15C7A55C0074E722 /* images */,
			);
			path = Theremin;
			sourceTree = "<group>";
		};
		C6F7537D15C6313C00911E59 /* Supporting Files */ = {
			isa = PBXGroup;
			children = (
				C6CE37A6168EBAE3000F2A48 /* VWWThereminConfiguration.h */,
				C606D2AC166AE20C00FA7B70 /* main.m */,
				C606D2AD166AE20C00FA7B70 /* Theremin-Info.plist */,
				C606D2AE166AE20C00FA7B70 /* Theremin-Prefix.pch */,
				C606D2AF166AE20C00FA7B70 /* VWWAppDelegate.h */,
				C606D2B0166AE20C00FA7B70 /* VWWAppDelegate.mm */,
				C6F7537F15C6313C00911E59 /* InfoPlist.strings */,
			);
			name = "Supporting Files";
			sourceTree = "<group>";
		};
		C6F7539D15C6313C00911E59 /* ThereminTests */ = {
			isa = PBXGroup;
			children = (
				C6F753A315C6313C00911E59 /* ThereminTests.h */,
				C6F753A415C6313C00911E59 /* ThereminTests.mm */,
				C6F7539E15C6313C00911E59 /* Supporting Files */,
			);
			path = ThereminTests;
			sourceTree = "<group>";
		};
		C6F7539E15C6313C00911E59 /* Supporting Files */ = {
			isa = PBXGroup;
			children = (
				C6F7539F15C6313C00911E59 /* ThereminTests-Info.plist */,
				C6F753A015C6313C00911E59 /* InfoPlist.strings */,
			);
			name = "Supporting Files";
			sourceTree = "<group>";
		};
		C6F753CA15C63B7200911E59 /* Storyboards */ = {
			isa = PBXGroup;
			children = (
				C6F7538815C6313C00911E59 /* MainStoryboard_iPhone.storyboard */,
				C6F7538B15C6313C00911E59 /* MainStoryboard_iPad.storyboard */,
			);
			name = Storyboards;
			sourceTree = "<group>";
		};
		C6F829B51628C80B00C79CAA /* Apple CA Helpers */ = {
			isa = PBXGroup;
			children = (
				C6F829B61628C80B00C79CAA /* CADebugMacros.cpp */,
				C6F829B71628C80B00C79CAA /* CADebugMacros.h */,
				C6F829B81628C80B00C79CAA /* CADebugPrintf.h */,
				C6F829B91628C80B00C79CAA /* CAMath.h */,
				C6F829BA1628C80B00C79CAA /* CAStreamBasicDescription.cpp */,
				C6F829BB1628C80B00C79CAA /* CAStreamBasicDescription.h */,
				C6F829BC1628C80B00C79CAA /* CAXException.cpp */,
				C6F829BD1628C80B00C79CAA /* CAXException.h */,
			);
			name = "Apple CA Helpers";
			path = "../../Apple CA Helpers";
			sourceTree = "<group>";
		};
/* End PBXGroup section */

/* Begin PBXNativeTarget section */
		C6F7537115C6313C00911E59 /* Theremin */ = {
			isa = PBXNativeTarget;
			buildConfigurationList = C6F753A815C6313C00911E59 /* Build configuration list for PBXNativeTarget "Theremin" */;
			buildPhases = (
				C6F7536E15C6313C00911E59 /* Sources */,
				C6F7536F15C6313C00911E59 /* Frameworks */,
				C6F7537015C6313C00911E59 /* Resources */,
			);
			buildRules = (
			);
			dependencies = (
			);
			name = Theremin;
			productName = Theremin;
			productReference = C6F7537215C6313C00911E59 /* Theremin.app */;
			productType = "com.apple.product-type.application";
		};
		C6F7539515C6313C00911E59 /* ThereminTests */ = {
			isa = PBXNativeTarget;
			buildConfigurationList = C6F753AB15C6313C00911E59 /* Build configuration list for PBXNativeTarget "ThereminTests" */;
			buildPhases = (
				C6F7539115C6313C00911E59 /* Sources */,
				C6F7539215C6313C00911E59 /* Frameworks */,
				C6F7539315C6313C00911E59 /* Resources */,
				C6F7539415C6313C00911E59 /* ShellScript */,
			);
			buildRules = (
			);
			dependencies = (
				C6F7539C15C6313C00911E59 /* PBXTargetDependency */,
			);
			name = ThereminTests;
			productName = ThereminTests;
			productReference = C6F7539615C6313C00911E59 /* ThereminTests.octest */;
			productType = "com.apple.product-type.bundle";
		};
/* End PBXNativeTarget section */

/* Begin PBXProject section */
		C6F7536915C6313C00911E59 /* Project object */ = {
			isa = PBXProject;
			attributes = {
				CLASSPREFIX = VWW_;
				LastUpgradeCheck = 0450;
				ORGANIZATIONNAME = "Zakk Hoyt";
			};
			buildConfigurationList = C6F7536C15C6313C00911E59 /* Build configuration list for PBXProject "Theremin" */;
			compatibilityVersion = "Xcode 3.2";
			developmentRegion = English;
			hasScannedForEncodings = 0;
			knownRegions = (
				en,
			);
			mainGroup = C6F7536715C6313C00911E59;
			productRefGroup = C6F7537315C6313C00911E59 /* Products */;
			projectDirPath = "";
			projectRoot = "";
			targets = (
				C6F7537115C6313C00911E59 /* Theremin */,
				C6F7539515C6313C00911E59 /* ThereminTests */,
			);
		};
/* End PBXProject section */

/* Begin PBXResourcesBuildPhase section */
		C6F7537015C6313C00911E59 /* Resources */ = {
			isa = PBXResourcesBuildPhase;
			buildActionMask = 2147483647;
			files = (
				C6F7538115C6313C00911E59 /* InfoPlist.strings in Resources */,
				C6F7538A15C6313C00911E59 /* MainStoryboard_iPhone.storyboard in Resources */,
				C6F7538D15C6313C00911E59 /* MainStoryboard_iPad.storyboard in Resources */,
				C6357CF215C7A5690074E722 /* sawtooth_256x256.png in Resources */,
				C6357CF315C7A5690074E722 /* sine_256x256.png in Resources */,
				C6357CF415C7A5690074E722 /* square_256x256.png in Resources */,
				C6357CF515C7A5690074E722 /* triangle_256x256.png in Resources */,
				C6357CF615C7A5690074E722 /* waveforms.png in Resources */,
				C66F465115C7B7EF0066E94B /* Default-Portrait~ipad.png in Resources */,
				C66F465215C7B7F70066E94B /* Default-Portrait@2x~ipad.png in Resources */,
				C6F829B41628C72100C79CAA /* Default-568h@2x.png in Resources */,
				C693B5BD1628E154008CB1B1 /* Icon_57x57.png in Resources */,
				C693B5BE1628E15A008CB1B1 /* Icon_114x114.png in Resources */,
				C693B5BF1628E164008CB1B1 /* Icon_72x72.png in Resources */,
				C693B5C01628E16B008CB1B1 /* Icon_144x144.png in Resources */,
				C693B5C11628E191008CB1B1 /* Default.png in Resources */,
				C693B5C21628E198008CB1B1 /* Default@2x.png in Resources */,
				C6D3E1A21639B4B10032D2F3 /* button_background.png in Resources */,
				C6D3E1A41639B5580032D2F3 /* button_background_pressed.png in Resources */,
				C6E34B96166AE82000D0AB2C /* 3x3_00.png in Resources */,
				C6E34B97166AE82000D0AB2C /* 3x3_01.png in Resources */,
				C6E34B98166AE82000D0AB2C /* 3x3_02.png in Resources */,
				C6E34B99166AE82000D0AB2C /* 3x3_03.png in Resources */,
				C6E34B9A166AE82000D0AB2C /* 3x3_04.png in Resources */,
				C6E34B9B166AE82000D0AB2C /* 3x3_05.png in Resources */,
				C60E4FF5169805DD006BD352 /* vww_logo.png in Resources */,
				C60E4FF8169807C8006BD352 /* custom.strings in Resources */,
			);
			runOnlyForDeploymentPostprocessing = 0;
		};
		C6F7539315C6313C00911E59 /* Resources */ = {
			isa = PBXResourcesBuildPhase;
			buildActionMask = 2147483647;
			files = (
				C6F753A215C6313C00911E59 /* InfoPlist.strings in Resources */,
			);
			runOnlyForDeploymentPostprocessing = 0;
		};
/* End PBXResourcesBuildPhase section */

/* Begin PBXShellScriptBuildPhase section */
		C6F7539415C6313C00911E59 /* ShellScript */ = {
			isa = PBXShellScriptBuildPhase;
			buildActionMask = 2147483647;
			files = (
			);
			inputPaths = (
			);
			outputPaths = (
			);
			runOnlyForDeploymentPostprocessing = 0;
			shellPath = /bin/sh;
			shellScript = "# Run the unit tests in this test bundle.\n\"${SYSTEM_DEVELOPER_DIR}/Tools/RunUnitTests\"\n";
		};
/* End PBXShellScriptBuildPhase section */

/* Begin PBXSourcesBuildPhase section */
		C6F7536E15C6313C00911E59 /* Sources */ = {
			isa = PBXSourcesBuildPhase;
			buildActionMask = 2147483647;
			files = (
				C6F829BE1628C80B00C79CAA /* CADebugMacros.cpp in Sources */,
				C6F829BF1628C80B00C79CAA /* CAStreamBasicDescription.cpp in Sources */,
				C6F829C01628C80B00C79CAA /* CAXException.cpp in Sources */,
				C606D2A4166AE1E600FA7B70 /* VWWThereminSettingsViewController.mm in Sources */,
				C606D2A7166AE1E600FA7B70 /* VWWMotionMonitor.m in Sources */,
				C606D2A8166AE1E600FA7B70 /* VWWThereminNotes.m in Sources */,
				C606D2A9166AE1E600FA7B70 /* VWWThereminSynthesizer.mm in Sources */,
				C606D2B1166AE20C00FA7B70 /* main.m in Sources */,
				C606D2B3166AE20C00FA7B70 /* VWWAppDelegate.mm in Sources */,
				C606D2C0166AE3A200FA7B70 /* VWWCubeScene.m in Sources */,
				C606D2C1166AE3A200FA7B70 /* VWWScene.m in Sources */,
				C606D2CA166AE40F00FA7B70 /* VWWCubeModel.m in Sources */,
				C606D2CB166AE40F00FA7B70 /* VWWSquareModel.m in Sources */,
				C6E34B9D166AE89600D0AB2C /* VWWThereminViewController.mm in Sources */,
				C6EB888A168B975600DD1F3E /* VWWThereminAboutViewController.m in Sources */,
				C6EB88AC168BF2A100DD1F3E /* VWWThereminConfigInputFrequencyViewController.mm in Sources */,
				C6B3E963168BFBB100298AF5 /* VWWConfigInputFrequencyView.m in Sources */,
				C6CE37B0168EC67C000F2A48 /* VWWThereminInputAxis.mm in Sources */,
				C6CE37B2168EC804000F2A48 /* VWWThereminInput.mm in Sources */,
				C6CE37B8168ECFC4000F2A48 /* VWWThereminInputs.mm in Sources */,
				C6CE37BB168ED120000F2A48 /* VWWLine.m in Sources */,
				C6CE37BE168F1D3F000F2A48 /* VWWThereminConfigInputWaveformsViewController.mm in Sources */,
				C6CE37C1168F1DB7000F2A48 /* VWWThereminConfigInputSensitivityViewController.mm in Sources */,
				C6A94FD4168FC8AE003F2AFE /* VWWConfigInputWaveformView.m in Sources */,
				C6A94FD7168FC8C1003F2AFE /* VWWConfigInputSensitivityView.m in Sources */,
				C6747F66168FEC40007133AD /* VWWThereminConfigInputEffectsViewController.mm in Sources */,
				C6747F6A168FECDF007133AD /* VWWConfigInputEffectsView.m in Sources */,
				C6DAB1DC169112540056E769 /* VWWFileSystem.m in Sources */,
			);
			runOnlyForDeploymentPostprocessing = 0;
		};
		C6F7539115C6313C00911E59 /* Sources */ = {
			isa = PBXSourcesBuildPhase;
			buildActionMask = 2147483647;
			files = (
				C6F753A515C6313C00911E59 /* ThereminTests.mm in Sources */,
			);
			runOnlyForDeploymentPostprocessing = 0;
		};
/* End PBXSourcesBuildPhase section */

/* Begin PBXTargetDependency section */
		C6F7539C15C6313C00911E59 /* PBXTargetDependency */ = {
			isa = PBXTargetDependency;
			target = C6F7537115C6313C00911E59 /* Theremin */;
			targetProxy = C6F7539B15C6313C00911E59 /* PBXContainerItemProxy */;
		};
/* End PBXTargetDependency section */

/* Begin PBXVariantGroup section */
		C6F7537F15C6313C00911E59 /* InfoPlist.strings */ = {
			isa = PBXVariantGroup;
			children = (
				C6F7538015C6313C00911E59 /* en */,
			);
			name = InfoPlist.strings;
			sourceTree = "<group>";
		};
		C6F7538815C6313C00911E59 /* MainStoryboard_iPhone.storyboard */ = {
			isa = PBXVariantGroup;
			children = (
				C6F7538915C6313C00911E59 /* en */,
			);
			name = MainStoryboard_iPhone.storyboard;
			sourceTree = "<group>";
		};
		C6F7538B15C6313C00911E59 /* MainStoryboard_iPad.storyboard */ = {
			isa = PBXVariantGroup;
			children = (
				C6F7538C15C6313C00911E59 /* en */,
			);
			name = MainStoryboard_iPad.storyboard;
			sourceTree = "<group>";
		};
		C6F753A015C6313C00911E59 /* InfoPlist.strings */ = {
			isa = PBXVariantGroup;
			children = (
				C6F753A115C6313C00911E59 /* en */,
			);
			name = InfoPlist.strings;
			sourceTree = "<group>";
		};
/* End PBXVariantGroup section */

/* Begin XCBuildConfiguration section */
		C6F753A615C6313C00911E59 /* Debug */ = {
			isa = XCBuildConfiguration;
			buildSettings = {
				ALWAYS_SEARCH_USER_PATHS = NO;
				CLANG_CXX_LANGUAGE_STANDARD = "gnu++0x";
				CLANG_CXX_LIBRARY = "libc++";
				CLANG_WARN__DUPLICATE_METHOD_MATCH = YES;
				CODE_SIGN_IDENTITY = "iPhone Developer: zakk hoyt (65NJ4ZPC44)";
				"CODE_SIGN_IDENTITY[sdk=iphoneos*]" = "iPhone Developer: zakk hoyt (65NJ4ZPC44)";
				COPY_PHASE_STRIP = NO;
				GCC_C_LANGUAGE_STANDARD = gnu99;
				GCC_DYNAMIC_NO_PIC = NO;
				GCC_OPTIMIZATION_LEVEL = 0;
				GCC_PREPROCESSOR_DEFINITIONS = (
					"DEBUG=1",
					"$(inherited)",
				);
				GCC_SYMBOLS_PRIVATE_EXTERN = NO;
				GCC_WARN_ABOUT_RETURN_TYPE = YES;
				GCC_WARN_UNINITIALIZED_AUTOS = YES;
				GCC_WARN_UNUSED_VARIABLE = YES;
				IPHONEOS_DEPLOYMENT_TARGET = 6.0;
				PROVISIONING_PROFILE = "00C13604-DB92-4521-B760-FAB1911D10FA";
				"PROVISIONING_PROFILE[sdk=iphoneos*]" = "00C13604-DB92-4521-B760-FAB1911D10FA";
				SDKROOT = iphoneos;
				TARGETED_DEVICE_FAMILY = "1,2";
			};
			name = Debug;
		};
		C6F753A715C6313C00911E59 /* Release */ = {
			isa = XCBuildConfiguration;
			buildSettings = {
				ALWAYS_SEARCH_USER_PATHS = NO;
				CLANG_CXX_LANGUAGE_STANDARD = "gnu++0x";
				CLANG_CXX_LIBRARY = "libc++";
				CLANG_WARN__DUPLICATE_METHOD_MATCH = YES;
				CODE_SIGN_IDENTITY = "iPhone Developer: zakk hoyt (65NJ4ZPC44)";
				"CODE_SIGN_IDENTITY[sdk=iphoneos*]" = "iPhone Developer: zakk hoyt (65NJ4ZPC44)";
				COPY_PHASE_STRIP = YES;
				GCC_C_LANGUAGE_STANDARD = gnu99;
				GCC_WARN_ABOUT_RETURN_TYPE = YES;
				GCC_WARN_UNINITIALIZED_AUTOS = YES;
				GCC_WARN_UNUSED_VARIABLE = YES;
				IPHONEOS_DEPLOYMENT_TARGET = 6.0;
				OTHER_CFLAGS = "-DNS_BLOCK_ASSERTIONS=1";
				PROVISIONING_PROFILE = "00C13604-DB92-4521-B760-FAB1911D10FA";
				"PROVISIONING_PROFILE[sdk=iphoneos*]" = "00C13604-DB92-4521-B760-FAB1911D10FA";
				SDKROOT = iphoneos;
				TARGETED_DEVICE_FAMILY = "1,2";
				VALIDATE_PRODUCT = YES;
			};
			name = Release;
		};
		C6F753A915C6313C00911E59 /* Debug */ = {
			isa = XCBuildConfiguration;
			buildSettings = {
				CODE_SIGN_IDENTITY = "iPhone Developer: zakk hoyt (9ZVN82L8V9)";
				"CODE_SIGN_IDENTITY[sdk=iphoneos*]" = "iPhone Developer: zakk hoyt (9ZVN82L8V9)";
				FRAMEWORK_SEARCH_PATHS = "$(inherited)";
				GCC_PRECOMPILE_PREFIX_HEADER = YES;
				GCC_PREFIX_HEADER = "Theremin/Theremin-Prefix.pch";
				INFOPLIST_FILE = "Theremin/Theremin-Info.plist";
				IPHONEOS_DEPLOYMENT_TARGET = 5.0;
				PRODUCT_NAME = "$(TARGET_NAME)";
				PROVISIONING_PROFILE = "2A0E169D-D925-4F76-8E3F-6DA52A861AD8";
				"PROVISIONING_PROFILE[sdk=iphoneos*]" = "2A0E169D-D925-4F76-8E3F-6DA52A861AD8";
				TARGETED_DEVICE_FAMILY = "1,2";
				WRAPPER_EXTENSION = app;
			};
			name = Debug;
		};
		C6F753AA15C6313C00911E59 /* Release */ = {
			isa = XCBuildConfiguration;
			buildSettings = {
				CODE_SIGN_IDENTITY = "iPhone Developer: zakk hoyt (9ZVN82L8V9)";
				"CODE_SIGN_IDENTITY[sdk=iphoneos*]" = "iPhone Developer: zakk hoyt (9ZVN82L8V9)";
				FRAMEWORK_SEARCH_PATHS = "$(inherited)";
				GCC_PRECOMPILE_PREFIX_HEADER = YES;
				GCC_PREFIX_HEADER = "Theremin/Theremin-Prefix.pch";
				INFOPLIST_FILE = "Theremin/Theremin-Info.plist";
				IPHONEOS_DEPLOYMENT_TARGET = 5.0;
				PRODUCT_NAME = "$(TARGET_NAME)";
				PROVISIONING_PROFILE = "2A0E169D-D925-4F76-8E3F-6DA52A861AD8";
				"PROVISIONING_PROFILE[sdk=iphoneos*]" = "2A0E169D-D925-4F76-8E3F-6DA52A861AD8";
				TARGETED_DEVICE_FAMILY = "1,2";
				WRAPPER_EXTENSION = app;
			};
			name = Release;
		};
		C6F753AC15C6313C00911E59 /* Debug */ = {
			isa = XCBuildConfiguration;
			buildSettings = {
				BUNDLE_LOADER = "$(BUILT_PRODUCTS_DIR)/Theremin.app/Theremin";
				FRAMEWORK_SEARCH_PATHS = (
					"\"$(SDKROOT)/Developer/Library/Frameworks\"",
					"\"$(DEVELOPER_LIBRARY_DIR)/Frameworks\"",
				);
				GCC_PRECOMPILE_PREFIX_HEADER = YES;
				GCC_PREFIX_HEADER = "Theremin/Theremin-Prefix.pch";
				INFOPLIST_FILE = "ThereminTests/ThereminTests-Info.plist";
				PRODUCT_NAME = "$(TARGET_NAME)";
				TEST_HOST = "$(BUNDLE_LOADER)";
				WRAPPER_EXTENSION = octest;
			};
			name = Debug;
		};
		C6F753AD15C6313C00911E59 /* Release */ = {
			isa = XCBuildConfiguration;
			buildSettings = {
				BUNDLE_LOADER = "$(BUILT_PRODUCTS_DIR)/Theremin.app/Theremin";
				FRAMEWORK_SEARCH_PATHS = (
					"\"$(SDKROOT)/Developer/Library/Frameworks\"",
					"\"$(DEVELOPER_LIBRARY_DIR)/Frameworks\"",
				);
				GCC_PRECOMPILE_PREFIX_HEADER = YES;
				GCC_PREFIX_HEADER = "Theremin/Theremin-Prefix.pch";
				INFOPLIST_FILE = "ThereminTests/ThereminTests-Info.plist";
				PRODUCT_NAME = "$(TARGET_NAME)";
				TEST_HOST = "$(BUNDLE_LOADER)";
				WRAPPER_EXTENSION = octest;
			};
			name = Release;
		};
/* End XCBuildConfiguration section */

/* Begin XCConfigurationList section */
		C6F7536C15C6313C00911E59 /* Build configuration list for PBXProject "Theremin" */ = {
			isa = XCConfigurationList;
			buildConfigurations = (
				C6F753A615C6313C00911E59 /* Debug */,
				C6F753A715C6313C00911E59 /* Release */,
			);
			defaultConfigurationIsVisible = 0;
			defaultConfigurationName = Release;
		};
		C6F753A815C6313C00911E59 /* Build configuration list for PBXNativeTarget "Theremin" */ = {
			isa = XCConfigurationList;
			buildConfigurations = (
				C6F753A915C6313C00911E59 /* Debug */,
				C6F753AA15C6313C00911E59 /* Release */,
			);
			defaultConfigurationIsVisible = 0;
			defaultConfigurationName = Release;
		};
		C6F753AB15C6313C00911E59 /* Build configuration list for PBXNativeTarget "ThereminTests" */ = {
			isa = XCConfigurationList;
			buildConfigurations = (
				C6F753AC15C6313C00911E59 /* Debug */,
				C6F753AD15C6313C00911E59 /* Release */,
			);
			defaultConfigurationIsVisible = 0;
			defaultConfigurationName = Release;
		};
/* End XCConfigurationList section */
	};
	rootObject = C6F7536915C6313C00911E59 /* Project object */;
}
